
Microsoft Visual Studio Solution File, Format Version 12.00
# Visual Studio 2013
VisualStudioVersion = 12.0.21005.1
MinimumVisualStudioVersion = 10.0.40219.1
Project("{2150E333-8FDC-42A3-9474-1A3956D46DE8}") = "_Core", "_Core", "{CD7A07EC-CDCC-43E7-B117-A322DD16ED95}"
EndProject
Project("{FAE04EC0-301F-11D3-BF4B-00C04F79EFBC}") = "Well.Core.Cache", "Well.Core.Cache\Well.Core.Cache.csproj", "{EB1C86F4-B5FC-4705-B11E-4FF634887E01}"
EndProject
Project("{FAE04EC0-301F-11D3-BF4B-00C04F79EFBC}") = "Well.Core.Config", "Well.Core.Config\Well.Core.Config.csproj", "{8D61A52D-6590-49C6-A767-38075643B410}"
EndProject
Project("{FAE04EC0-301F-11D3-BF4B-00C04F79EFBC}") = "Well.Core.Log", "Well.Core.Log\Well.Core.Log.csproj", "{9A452CA8-B823-4434-9833-76672EF1074F}"
EndProject
Project("{FAE04EC0-301F-11D3-BF4B-00C04F79EFBC}") = "Well.Core.Module", "Well.Core.Module\Well.Core.Module.csproj", "{4F99A2F6-4ED1-4BC3-8854-3844CDCFB22F}"
EndProject
Project("{FAE04EC0-301F-11D3-BF4B-00C04F79EFBC}") = "Well.Core.Service", "Well.Core.Service\Well.Core.Service.csproj", "{2A5DC0AF-DBFE-4F29-8F66-6E91DC7A57FE}"
EndProject
Project("{FAE04EC0-301F-11D3-BF4B-00C04F79EFBC}") = "Well.Core.Upload", "Well.Core.Upload\Well.Core.Upload.csproj", "{A589138E-8A51-4323-8EFC-8D058BAB48EB}"
EndProject
Project("{2150E333-8FDC-42A3-9474-1A3956D46DE8}") = "_Framework", "_Framework", "{73A9E32C-9043-46BB-8B8C-B916AEDFDD8F}"
EndProject
Project("{FAE04EC0-301F-11D3-BF4B-00C04F79EFBC}") = "Well.Framework.BLL", "Well.Framework.BLL\Well.Framework.BLL.csproj", "{EE5A8A7B-1CB6-4FBF-9F54-5FF5AA806D44}"
EndProject
Project("{FAE04EC0-301F-11D3-BF4B-00C04F79EFBC}") = "Well.Framework.Contract", "Well.Framework.Contract\Well.Framework.Contract.csproj", "{2D158A32-73EE-46AF-A3EB-0140E3EA3A2B}"
EndProject
Project("{FAE04EC0-301F-11D3-BF4B-00C04F79EFBC}") = "Well.Framework.DAL", "Well.Framework.DAL\Well.Framework.DAL.csproj", "{7EC04354-9B9D-411D-A3EE-31E57D814147}"
EndProject
Project("{FAE04EC0-301F-11D3-BF4B-00C04F79EFBC}") = "Well.Framework.Utility", "Well.Framework.Utility\Well.Framework.Utility.csproj", "{5D251865-CFE7-4118-8D2C-7E761A64826C}"
EndProject
Project("{FAE04EC0-301F-11D3-BF4B-00C04F79EFBC}") = "Well.Framework.Web", "Well.Framework.Web\Well.Framework.Web.csproj", "{6998E164-952B-407D-A338-531286CF23B4}"
EndProject
Global
	GlobalSection(SolutionConfigurationPlatforms) = preSolution
		Debug|Any CPU = Debug|Any CPU
		Release|Any CPU = Release|Any CPU
	EndGlobalSection
	GlobalSection(ProjectConfigurationPlatforms) = postSolution
		{EB1C86F4-B5FC-4705-B11E-4FF634887E01}.Debug|Any CPU.ActiveCfg = Debug|Any CPU
		{EB1C86F4-B5FC-4705-B11E-4FF634887E01}.Debug|Any CPU.Build.0 = Debug|Any CPU
		{EB1C86F4-B5FC-4705-B11E-4FF634887E01}.Release|Any CPU.ActiveCfg = Release|Any CPU
		{EB1C86F4-B5FC-4705-B11E-4FF634887E01}.Release|Any CPU.Build.0 = Release|Any CPU
		{8D61A52D-6590-49C6-A767-38075643B410}.Debug|Any CPU.ActiveCfg = Debug|Any CPU
		{8D61A52D-6590-49C6-A767-38075643B410}.Debug|Any CPU.Build.0 = Debug|Any CPU
		{8D61A52D-6590-49C6-A767-38075643B410}.Release|Any CPU.ActiveCfg = Release|Any CPU
		{8D61A52D-6590-49C6-A767-38075643B410}.Release|Any CPU.Build.0 = Release|Any CPU
		{9A452CA8-B823-4434-9833-76672EF1074F}.Debug|Any CPU.ActiveCfg = Debug|Any CPU
		{9A452CA8-B823-4434-9833-76672EF1074F}.Debug|Any CPU.Build.0 = Debug|Any CPU
		{9A452CA8-B823-4434-9833-76672EF1074F}.Release|Any CPU.ActiveCfg = Release|Any CPU
		{9A452CA8-B823-4434-9833-76672EF1074F}.Release|Any CPU.Build.0 = Release|Any CPU
		{4F99A2F6-4ED1-4BC3-8854-3844CDCFB22F}.Debug|Any CPU.ActiveCfg = Debug|Any CPU
		{4F99A2F6-4ED1-4BC3-8854-3844CDCFB22F}.Debug|Any CPU.Build.0 = Debug|Any CPU
		{4F99A2F6-4ED1-4BC3-8854-3844CDCFB22F}.Release|Any CPU.ActiveCfg = Release|Any CPU
		{4F99A2F6-4ED1-4BC3-8854-3844CDCFB22F}.Release|Any CPU.Build.0 = Release|Any CPU
		{2A5DC0AF-DBFE-4F29-8F66-6E91DC7A57FE}.Debug|Any CPU.ActiveCfg = Debug|Any CPU
		{2A5DC0AF-DBFE-4F29-8F66-6E91DC7A57FE}.Debug|Any CPU.Build.0 = Debug|Any CPU
		{2A5DC0AF-DBFE-4F29-8F66-6E91DC7A57FE}.Release|Any CPU.ActiveCfg = Release|Any CPU
		{2A5DC0AF-DBFE-4F29-8F66-6E91DC7A57FE}.Release|Any CPU.Build.0 = Release|Any CPU
		{A589138E-8A51-4323-8EFC-8D058BAB48EB}.Debug|Any CPU.ActiveCfg = Debug|Any CPU
		{A589138E-8A51-4323-8EFC-8D058BAB48EB}.Debug|Any CPU.Build.0 = Debug|Any CPU
		{A589138E-8A51-4323-8EFC-8D058BAB48EB}.Release|Any CPU.ActiveCfg = Release|Any CPU
		{A589138E-8A51-4323-8EFC-8D058BAB48EB}.Release|Any CPU.Build.0 = Release|Any CPU
		{EE5A8A7B-1CB6-4FBF-9F54-5FF5AA806D44}.Debug|Any CPU.ActiveCfg = Debug|Any CPU
		{EE5A8A7B-1CB6-4FBF-9F54-5FF5AA806D44}.Debug|Any CPU.Build.0 = Debug|Any CPU
		{EE5A8A7B-1CB6-4FBF-9F54-5FF5AA806D44}.Release|Any CPU.ActiveCfg = Release|Any CPU
		{EE5A8A7B-1CB6-4FBF-9F54-5FF5AA806D44}.Release|Any CPU.Build.0 = Release|Any CPU
		{2D158A32-73EE-46AF-A3EB-0140E3EA3A2B}.Debug|Any CPU.ActiveCfg = Debug|Any CPU
		{2D158A32-73EE-46AF-A3EB-0140E3EA3A2B}.Debug|Any CPU.Build.0 = Debug|Any CPU
		{2D158A32-73EE-46AF-A3EB-0140E3EA3A2B}.Release|Any CPU.ActiveCfg = Release|Any CPU
		{2D158A32-73EE-46AF-A3EB-0140E3EA3A2B}.Release|Any CPU.Build.0 = Release|Any CPU
		{7EC04354-9B9D-411D-A3EE-31E57D814147}.Debug|Any CPU.ActiveCfg = Debug|Any CPU
		{7EC04354-9B9D-411D-A3EE-31E57D814147}.Debug|Any CPU.Build.0 = Debug|Any CPU
		{7EC04354-9B9D-411D-A3EE-31E57D814147}.Release|Any CPU.ActiveCfg = Release|Any CPU
		{7EC04354-9B9D-411D-A3EE-31E57D814147}.Release|Any CPU.Build.0 = Release|Any CPU
		{5D251865-CFE7-4118-8D2C-7E761A64826C}.Debug|Any CPU.ActiveCfg = Debug|Any CPU
		{5D251865-CFE7-4118-8D2C-7E761A64826C}.Debug|Any CPU.Build.0 = Debug|Any CPU
		{5D251865-CFE7-4118-8D2C-7E761A64826C}.Release|Any CPU.ActiveCfg = Release|Any CPU
		{5D251865-CFE7-4118-8D2C-7E761A64826C}.Release|Any CPU.Build.0 = Release|Any CPU
		{6998E164-952B-407D-A338-531286CF23B4}.Debug|Any CPU.ActiveCfg = Debug|Any CPU
		{6998E164-952B-407D-A338-531286CF23B4}.Debug|Any CPU.Build.0 = Debug|Any CPU
		{6998E164-952B-407D-A338-531286CF23B4}.Release|Any CPU.ActiveCfg = Release|Any CPU
		{6998E164-952B-407D-A338-531286CF23B4}.Release|Any CPU.Build.0 = Release|Any CPU
	EndGlobalSection
	GlobalSection(SolutionProperties) = preSolution
		HideSolutionNode = FALSE
	EndGlobalSection
	GlobalSection(NestedProjects) = preSolution
		{EB1C86F4-B5FC-4705-B11E-4FF634887E01} = {CD7A07EC-CDCC-43E7-B117-A322DD16ED95}
		{8D61A52D-6590-49C6-A767-38075643B410} = {CD7A07EC-CDCC-43E7-B117-A322DD16ED95}
		{9A452CA8-B823-4434-9833-76672EF1074F} = {CD7A07EC-CDCC-43E7-B117-A322DD16ED95}
		{4F99A2F6-4ED1-4BC3-8854-3844CDCFB22F} = {CD7A07EC-CDCC-43E7-B117-A322DD16ED95}
		{2A5DC0AF-DBFE-4F29-8F66-6E91DC7A57FE} = {CD7A07EC-CDCC-43E7-B117-A322DD16ED95}
		{A589138E-8A51-4323-8EFC-8D058BAB48EB} = {CD7A07EC-CDCC-43E7-B117-A322DD16ED95}
		{EE5A8A7B-1CB6-4FBF-9F54-5FF5AA806D44} = {73A9E32C-9043-46BB-8B8C-B916AEDFDD8F}
		{2D158A32-73EE-46AF-A3EB-0140E3EA3A2B} = {73A9E32C-9043-46BB-8B8C-B916AEDFDD8F}
		{7EC04354-9B9D-411D-A3EE-31E57D814147} = {73A9E32C-9043-46BB-8B8C-B916AEDFDD8F}
		{5D251865-CFE7-4118-8D2C-7E761A64826C} = {73A9E32C-9043-46BB-8B8C-B916AEDFDD8F}
		{6998E164-952B-407D-A338-531286CF23B4} = {73A9E32C-9043-46BB-8B8C-B916AEDFDD8F}
	EndGlobalSection
EndGlobal
