
Microsoft Visual Studio Solution File, Format Version 12.00
# Visual Studio 2013
VisualStudioVersion = 12.0.21005.1
MinimumVisualStudioVersion = 10.0.40219.1
Project("{FAE04EC0-301F-11D3-BF4B-00C04F79EFBC}") = "IIS", "模拟IIS\IIS.csproj", "{CC1A110F-6DFF-4BEC-AD4A-715DBD7B79CE}"
EndProject
Project("{FAE04EC0-301F-11D3-BF4B-00C04F79EFBC}") = "HttpLib", "HttpLib\HttpLib.csproj", "{D8735B42-804F-41E1-AFC9-8FA35A2CA0BE}"
EndProject
Global
	GlobalSection(SolutionConfigurationPlatforms) = preSolution
		Debug|Any CPU = Debug|Any CPU
		Release|Any CPU = Release|Any CPU
	EndGlobalSection
	GlobalSection(ProjectConfigurationPlatforms) = postSolution
		{CC1A110F-6DFF-4BEC-AD4A-715DBD7B79CE}.Debug|Any CPU.ActiveCfg = Debug|Any CPU
		{CC1A110F-6DFF-4BEC-AD4A-715DBD7B79CE}.Debug|Any CPU.Build.0 = Debug|Any CPU
		{CC1A110F-6DFF-4BEC-AD4A-715DBD7B79CE}.Release|Any CPU.ActiveCfg = Release|Any CPU
		{CC1A110F-6DFF-4BEC-AD4A-715DBD7B79CE}.Release|Any CPU.Build.0 = Release|Any CPU
		{D8735B42-804F-41E1-AFC9-8FA35A2CA0BE}.Debug|Any CPU.ActiveCfg = Debug|Any CPU
		{D8735B42-804F-41E1-AFC9-8FA35A2CA0BE}.Debug|Any CPU.Build.0 = Debug|Any CPU
		{D8735B42-804F-41E1-AFC9-8FA35A2CA0BE}.Release|Any CPU.ActiveCfg = Release|Any CPU
		{D8735B42-804F-41E1-AFC9-8FA35A2CA0BE}.Release|Any CPU.Build.0 = Release|Any CPU
	EndGlobalSection
	GlobalSection(SolutionProperties) = preSolution
		HideSolutionNode = FALSE
	EndGlobalSection
EndGlobal
